
Microsoft Visual Studio Solution File, Format Version 12.00
# Visual Studio Version 17
VisualStudioVersion = 17.3.32819.101
MinimumVisualStudioVersion = 10.0.40219.1
Project("{FAE04EC0-301F-11D3-BF4B-00C04F79EFBC}") = "Yanson_FuzzyLogic", "Yanson_FuzzyLogic.csproj", "{670E1540-D072-4EC9-8A76-B5D8170CC033}"
EndProject
Global
	GlobalSection(SolutionConfigurationPlatforms) = preSolution
		Debug|Any CPU = Debug|Any CPU
		Release|Any CPU = Release|Any CPU
	EndGlobalSection
	GlobalSection(ProjectConfigurationPlatforms) = postSolution
		{670E1540-D072-4EC9-8A76-B5D8170CC033}.Debug|Any CPU.ActiveCfg = Debug|Any CPU
		{670E1540-D072-4EC9-8A76-B5D8170CC033}.Debug|Any CPU.Build.0 = Debug|Any CPU
		{670E1540-D072-4EC9-8A76-B5D8170CC033}.Release|Any CPU.ActiveCfg = Release|Any CPU
		{670E1540-D072-4EC9-8A76-B5D8170CC033}.Release|Any CPU.Build.0 = Release|Any CPU
	EndGlobalSection
	GlobalSection(SolutionProperties) = preSolution
		HideSolutionNode = FALSE
	EndGlobalSection
	GlobalSection(ExtensibilityGlobals) = postSolution
		SolutionGuid = {CC0DF93D-F567-433C-9D0A-568EB2DB96FE}
	EndGlobalSection
EndGlobal
